
Microsoft Visual Studio Solution File, Format Version 12.00
# Visual Studio Version 16
VisualStudioVersion = 16.0.29001.49
MinimumVisualStudioVersion = 10.0.40219.1
Project("{FAE04EC0-301F-11D3-BF4B-00C04F79EFBC}") = "LecteurUnDC", "LecteurUnDC\LecteurUnDC.csproj", "{319522C9-BD1E-4CAF-BB86-7C30624A365E}"
EndProject
Global
	GlobalSection(SolutionConfigurationPlatforms) = preSolution
		Debug|Any CPU = Debug|Any CPU
		Release|Any CPU = Release|Any CPU
	EndGlobalSection
	GlobalSection(ProjectConfigurationPlatforms) = postSolution
		{319522C9-BD1E-4CAF-BB86-7C30624A365E}.Debug|Any CPU.ActiveCfg = Debug|Any CPU
		{319522C9-BD1E-4CAF-BB86-7C30624A365E}.Debug|Any CPU.Build.0 = Debug|Any CPU
		{319522C9-BD1E-4CAF-BB86-7C30624A365E}.Release|Any CPU.ActiveCfg = Release|Any CPU
		{319522C9-BD1E-4CAF-BB86-7C30624A365E}.Release|Any CPU.Build.0 = Release|Any CPU
	EndGlobalSection
	GlobalSection(SolutionProperties) = preSolution
		HideSolutionNode = FALSE
	EndGlobalSection
	GlobalSection(ExtensibilityGlobals) = postSolution
		SolutionGuid = {977500DF-D3C9-4996-ABEC-CAE25359A373}
	EndGlobalSection
EndGlobal
