
Microsoft Visual Studio Solution File, Format Version 12.00
# Visual Studio Version 17
VisualStudioVersion = 17.2.32630.192
MinimumVisualStudioVersion = 10.0.40219.1
Project("{FAE04EC0-301F-11D3-BF4B-00C04F79EFBC}") = "Exer1 UnNouveauDC", "Exem1 - InstancierUnDC\Exer1 UnNouveauDC.csproj", "{E19C9212-A5A1-4642-A79F-31BCE1657B95}"
EndProject
Project("{FAE04EC0-301F-11D3-BF4B-00C04F79EFBC}") = "Exer2 InfosPistes", "Exem2 - AfficherInfosPistesDC\Exer2 InfosPistes.csproj", "{FADEBEE3-6E61-429C-9C4F-D4DDFE0973B6}"
EndProject
Global
	GlobalSection(SolutionConfigurationPlatforms) = preSolution
		Debug|Any CPU = Debug|Any CPU
		Release|Any CPU = Release|Any CPU
	EndGlobalSection
	GlobalSection(ProjectConfigurationPlatforms) = postSolution
		{E19C9212-A5A1-4642-A79F-31BCE1657B95}.Debug|Any CPU.ActiveCfg = Debug|Any CPU
		{E19C9212-A5A1-4642-A79F-31BCE1657B95}.Debug|Any CPU.Build.0 = Debug|Any CPU
		{E19C9212-A5A1-4642-A79F-31BCE1657B95}.Release|Any CPU.ActiveCfg = Release|Any CPU
		{E19C9212-A5A1-4642-A79F-31BCE1657B95}.Release|Any CPU.Build.0 = Release|Any CPU
		{FADEBEE3-6E61-429C-9C4F-D4DDFE0973B6}.Debug|Any CPU.ActiveCfg = Debug|Any CPU
		{FADEBEE3-6E61-429C-9C4F-D4DDFE0973B6}.Debug|Any CPU.Build.0 = Debug|Any CPU
		{FADEBEE3-6E61-429C-9C4F-D4DDFE0973B6}.Release|Any CPU.ActiveCfg = Release|Any CPU
		{FADEBEE3-6E61-429C-9C4F-D4DDFE0973B6}.Release|Any CPU.Build.0 = Release|Any CPU
	EndGlobalSection
	GlobalSection(SolutionProperties) = preSolution
		HideSolutionNode = FALSE
	EndGlobalSection
	GlobalSection(ExtensibilityGlobals) = postSolution
		SolutionGuid = {691C9A51-B3A1-4C8D-B55F-2D2CD233A1D4}
	EndGlobalSection
EndGlobal
